
Microsoft Visual Studio Solution File, Format Version 12.00
# Visual Studio Version 17
VisualStudioVersion = 17.13.35818.85 d17.13
MinimumVisualStudioVersion = 10.0.40219.1
Project("{FAE04EC0-301F-11D3-BF4B-00C04F79EFBC}") = "path.kaleido", "path.kaleido.csproj", "{B367ACDA-7482-4319-8802-ABC222DC7421}"
EndProject
Global
	GlobalSection(SolutionConfigurationPlatforms) = preSolution
		Debug|Any CPU = Debug|Any CPU
		Release|Any CPU = Release|Any CPU
	EndGlobalSection
	GlobalSection(ProjectConfigurationPlatforms) = postSolution
		{B367ACDA-7482-4319-8802-ABC222DC7421}.Debug|Any CPU.ActiveCfg = Debug|Any CPU
		{B367ACDA-7482-4319-8802-ABC222DC7421}.Debug|Any CPU.Build.0 = Debug|Any CPU
		{B367ACDA-7482-4319-8802-ABC222DC7421}.Release|Any CPU.ActiveCfg = Release|Any CPU
		{B367ACDA-7482-4319-8802-ABC222DC7421}.Release|Any CPU.Build.0 = Release|Any CPU
	EndGlobalSection
	GlobalSection(SolutionProperties) = preSolution
		HideSolutionNode = FALSE
	EndGlobalSection
	GlobalSection(ExtensibilityGlobals) = postSolution
		SolutionGuid = {F9EA82D3-6F3F-49F8-B3CC-56557F388E14}
	EndGlobalSection
EndGlobal
